
Microsoft Visual Studio Solution File, Format Version 12.00
# Visual Studio 15
VisualStudioVersion = 15.0.27130.2020
MinimumVisualStudioVersion = 10.0.40219.1
Project("{9A19103F-16F7-4668-BE54-9A1E7A4F7556}") = "Aerospike.Extensions.Caching", "Aerospike.Extensions.Caching\Aerospike.Extensions.Caching.csproj", "{22DBF1CC-F476-41A8-BBEB-1CE8C038FE44}"
EndProject
Project("{FAE04EC0-301F-11D3-BF4B-00C04F79EFBC}") = "Aerospike.Extensions.Caching.Test", "Aerospike.Extensions.Caching.Test\Aerospike.Extensions.Caching.Test.csproj", "{17AF03FD-53A9-4583-87DC-D4858AFF63F4}"
EndProject
Global
	GlobalSection(SolutionConfigurationPlatforms) = preSolution
		Debug|Any CPU = Debug|Any CPU
		Release|Any CPU = Release|Any CPU
	EndGlobalSection
	GlobalSection(ProjectConfigurationPlatforms) = postSolution
		{22DBF1CC-F476-41A8-BBEB-1CE8C038FE44}.Debug|Any CPU.ActiveCfg = Debug|Any CPU
		{22DBF1CC-F476-41A8-BBEB-1CE8C038FE44}.Debug|Any CPU.Build.0 = Debug|Any CPU
		{22DBF1CC-F476-41A8-BBEB-1CE8C038FE44}.Release|Any CPU.ActiveCfg = Release|Any CPU
		{22DBF1CC-F476-41A8-BBEB-1CE8C038FE44}.Release|Any CPU.Build.0 = Release|Any CPU
		{17AF03FD-53A9-4583-87DC-D4858AFF63F4}.Debug|Any CPU.ActiveCfg = Debug|Any CPU
		{17AF03FD-53A9-4583-87DC-D4858AFF63F4}.Debug|Any CPU.Build.0 = Debug|Any CPU
		{17AF03FD-53A9-4583-87DC-D4858AFF63F4}.Release|Any CPU.ActiveCfg = Release|Any CPU
		{17AF03FD-53A9-4583-87DC-D4858AFF63F4}.Release|Any CPU.Build.0 = Release|Any CPU
	EndGlobalSection
	GlobalSection(SolutionProperties) = preSolution
		HideSolutionNode = FALSE
	EndGlobalSection
	GlobalSection(ExtensibilityGlobals) = postSolution
		SolutionGuid = {93C11939-3EDB-4FDC-816D-056406C0E8F1}
	EndGlobalSection
EndGlobal
